
Microsoft Visual Studio Solution File, Format Version 12.00
# Visual Studio Version 17
VisualStudioVersion = 17.0.31903.59
MinimumVisualStudioVersion = 10.0.40219.1
Project("{9A19103F-16F7-4668-BE54-9A1E7A4F7556}") = "WhisperCppLib", "WhisperCppLib\WhisperCppLib.csproj", "{7932B808-B6EC-4F6B-834C-C7EDDB0C634D}"
EndProject
Project("{9A19103F-16F7-4668-BE54-9A1E7A4F7556}") = "WhisperCppLib.FFMpeg", "WhisperCppLib.FFMpeg\WhisperCppLib.FFMpeg.csproj", "{A8168E4F-F27F-42F8-AF03-EB2F88FA31E2}"
EndProject
Project("{9A19103F-16F7-4668-BE54-9A1E7A4F7556}") = "WhisperCppLib.VLC", "WhisperCppLib.VLC\WhisperCppLib.VLC.csproj", "{A75E6928-C189-437B-978F-6CE4A89FCE63}"
EndProject
Project("{9A19103F-16F7-4668-BE54-9A1E7A4F7556}") = "WhisperCppLib.Tests", "WhisperCppLib.Tests\WhisperCppLib.Tests.csproj", "{EE1EF020-2931-40F4-9573-16102DC8B738}"
EndProject
Global
	GlobalSection(SolutionConfigurationPlatforms) = preSolution
		Debug|Any CPU = Debug|Any CPU
		Release|Any CPU = Release|Any CPU
	EndGlobalSection
	GlobalSection(ProjectConfigurationPlatforms) = postSolution
		{7932B808-B6EC-4F6B-834C-C7EDDB0C634D}.Debug|Any CPU.ActiveCfg = Debug|Any CPU
		{7932B808-B6EC-4F6B-834C-C7EDDB0C634D}.Debug|Any CPU.Build.0 = Debug|Any CPU
		{7932B808-B6EC-4F6B-834C-C7EDDB0C634D}.Release|Any CPU.ActiveCfg = Release|Any CPU
		{7932B808-B6EC-4F6B-834C-C7EDDB0C634D}.Release|Any CPU.Build.0 = Release|Any CPU
		{A8168E4F-F27F-42F8-AF03-EB2F88FA31E2}.Debug|Any CPU.ActiveCfg = Debug|Any CPU
		{A8168E4F-F27F-42F8-AF03-EB2F88FA31E2}.Debug|Any CPU.Build.0 = Debug|Any CPU
		{A8168E4F-F27F-42F8-AF03-EB2F88FA31E2}.Release|Any CPU.ActiveCfg = Release|Any CPU
		{A8168E4F-F27F-42F8-AF03-EB2F88FA31E2}.Release|Any CPU.Build.0 = Release|Any CPU
		{A75E6928-C189-437B-978F-6CE4A89FCE63}.Debug|Any CPU.ActiveCfg = Debug|Any CPU
		{A75E6928-C189-437B-978F-6CE4A89FCE63}.Debug|Any CPU.Build.0 = Debug|Any CPU
		{A75E6928-C189-437B-978F-6CE4A89FCE63}.Release|Any CPU.ActiveCfg = Release|Any CPU
		{A75E6928-C189-437B-978F-6CE4A89FCE63}.Release|Any CPU.Build.0 = Release|Any CPU
		{EE1EF020-2931-40F4-9573-16102DC8B738}.Debug|Any CPU.ActiveCfg = Debug|Any CPU
		{EE1EF020-2931-40F4-9573-16102DC8B738}.Debug|Any CPU.Build.0 = Debug|Any CPU
		{EE1EF020-2931-40F4-9573-16102DC8B738}.Release|Any CPU.ActiveCfg = Release|Any CPU
		{EE1EF020-2931-40F4-9573-16102DC8B738}.Release|Any CPU.Build.0 = Release|Any CPU
	EndGlobalSection
	GlobalSection(SolutionProperties) = preSolution
		HideSolutionNode = FALSE
	EndGlobalSection
	GlobalSection(ExtensibilityGlobals) = postSolution
		SolutionGuid = {ACD58469-DB62-48DD-9409-BEAC9FEEEF0E}
	EndGlobalSection
EndGlobal
